PODS:
  - Alamofire (4.9.1)
  - iOSDropDown (0.4.0)
  - Kingfisher (7.3.2)
  - Wormholy (1.6.5)

DEPENDENCIES:
  - Alamofire
  - iOSDropDown
  - Kingfisher (~> 7.0)
  - Wormholy

SPEC REPOS:
  trunk:
    - Alamofire
    - iOSDropDown
    - Kingfisher
    - Wormholy

SPEC CHECKSUMS:
  Alamofire: 85e8a02c69d6020a0d734f6054870d7ecb75cf18
  iOSDropDown: ce9daa584eaa5567cafc1b633e3cc7eb6d9cea42
  Kingfisher: 0086ad83719761ba9b2cdaf6ef4d5b4878cbae23
  Wormholy: 3252bc3e55a1847ef9a0976c1377bd77bf3635fa

PODFILE CHECKSUM: 699e22335c757214417c529e0257897c3eb19d14

COCOAPODS: 1.11.3
