PODS:
  - Alamofire (4.9.1)
  - Kingfisher (7.3.2)
  - Wormholy (1.6.5)

DEPENDENCIES:
  - Alamofire
  - Kingfisher (~> 7.0)
  - Wormholy

SPEC REPOS:
  trunk:
    - Alamofire
    - Kingfisher
    - Wormholy

SPEC CHECKSUMS:
  Alamofire: 85e8a02c69d6020a0d734f6054870d7ecb75cf18
  Kingfisher: 0086ad83719761ba9b2cdaf6ef4d5b4878cbae23
  Wormholy: 3252bc3e55a1847ef9a0976c1377bd77bf3635fa

PODFILE CHECKSUM: b2fa29a90fce007d2fec0f47c2ccd848d3e17446

COCOAPODS: 1.11.3
